
Microsoft Visual Studio Solution File, Format Version 12.00
# Visual Studio Version 17
VisualStudioVersion = 17.3.32929.385
MinimumVisualStudioVersion = 10.0.40219.1
Project("{2150E333-8FDC-42A3-9474-1A3956D46DE8}") = "EShop", "EShop", "{13D6B105-4E20-430B-9A41-7A268BDEC01D}"
EndProject
Project("{9A19103F-16F7-4668-BE54-9A1E7A4F7556}") = "EShop.Web", "EShop\EShop.Web\EShop.Web.csproj", "{98538B0A-157C-4A1B-8704-3359E64E660D}"
EndProject
Project("{FAE04EC0-301F-11D3-BF4B-00C04F79EFBC}") = "EShop.Domain", "EShop\EShop.Domain\EShop.Domain.csproj", "{207FCD28-1897-4E7F-A3FA-43E8A2EC7368}"
EndProject
Project("{FAE04EC0-301F-11D3-BF4B-00C04F79EFBC}") = "EShop.Repository", "EShop\EShop.Repository\EShop.Repository.csproj", "{529A6627-6E4D-49B0-B57D-1EA0C8BEA9C1}"
EndProject
Project("{FAE04EC0-301F-11D3-BF4B-00C04F79EFBC}") = "EShop.Services", "EShop\EShop.Services\EShop.Services.csproj", "{66E5116B-DD9E-4545-8094-3E428BAE6B39}"
EndProject
Global
	GlobalSection(SolutionConfigurationPlatforms) = preSolution
		Debug|Any CPU = Debug|Any CPU
		Release|Any CPU = Release|Any CPU
	EndGlobalSection
	GlobalSection(ProjectConfigurationPlatforms) = postSolution
		{98538B0A-157C-4A1B-8704-3359E64E660D}.Debug|Any CPU.ActiveCfg = Debug|Any CPU
		{98538B0A-157C-4A1B-8704-3359E64E660D}.Debug|Any CPU.Build.0 = Debug|Any CPU
		{98538B0A-157C-4A1B-8704-3359E64E660D}.Release|Any CPU.ActiveCfg = Release|Any CPU
		{98538B0A-157C-4A1B-8704-3359E64E660D}.Release|Any CPU.Build.0 = Release|Any CPU
		{207FCD28-1897-4E7F-A3FA-43E8A2EC7368}.Debug|Any CPU.ActiveCfg = Debug|Any CPU
		{207FCD28-1897-4E7F-A3FA-43E8A2EC7368}.Debug|Any CPU.Build.0 = Debug|Any CPU
		{207FCD28-1897-4E7F-A3FA-43E8A2EC7368}.Release|Any CPU.ActiveCfg = Release|Any CPU
		{207FCD28-1897-4E7F-A3FA-43E8A2EC7368}.Release|Any CPU.Build.0 = Release|Any CPU
		{529A6627-6E4D-49B0-B57D-1EA0C8BEA9C1}.Debug|Any CPU.ActiveCfg = Debug|Any CPU
		{529A6627-6E4D-49B0-B57D-1EA0C8BEA9C1}.Debug|Any CPU.Build.0 = Debug|Any CPU
		{529A6627-6E4D-49B0-B57D-1EA0C8BEA9C1}.Release|Any CPU.ActiveCfg = Release|Any CPU
		{529A6627-6E4D-49B0-B57D-1EA0C8BEA9C1}.Release|Any CPU.Build.0 = Release|Any CPU
		{66E5116B-DD9E-4545-8094-3E428BAE6B39}.Debug|Any CPU.ActiveCfg = Debug|Any CPU
		{66E5116B-DD9E-4545-8094-3E428BAE6B39}.Debug|Any CPU.Build.0 = Debug|Any CPU
		{66E5116B-DD9E-4545-8094-3E428BAE6B39}.Release|Any CPU.ActiveCfg = Release|Any CPU
		{66E5116B-DD9E-4545-8094-3E428BAE6B39}.Release|Any CPU.Build.0 = Release|Any CPU
	EndGlobalSection
	GlobalSection(SolutionProperties) = preSolution
		HideSolutionNode = FALSE
	EndGlobalSection
	GlobalSection(NestedProjects) = preSolution
		{98538B0A-157C-4A1B-8704-3359E64E660D} = {13D6B105-4E20-430B-9A41-7A268BDEC01D}
		{207FCD28-1897-4E7F-A3FA-43E8A2EC7368} = {13D6B105-4E20-430B-9A41-7A268BDEC01D}
		{529A6627-6E4D-49B0-B57D-1EA0C8BEA9C1} = {13D6B105-4E20-430B-9A41-7A268BDEC01D}
		{66E5116B-DD9E-4545-8094-3E428BAE6B39} = {13D6B105-4E20-430B-9A41-7A268BDEC01D}
	EndGlobalSection
	GlobalSection(ExtensibilityGlobals) = postSolution
		SolutionGuid = {CACC5F97-140F-43EC-B1E3-6D2932457B92}
	EndGlobalSection
EndGlobal
